{
	"name": "@tsuuanmi/pi",
	"version": "0.2.2",
	"lockfileVersion": 3,
	"requires": true,
	"packages": {
		"": {
			"name": "@tsuuanmi/pi",
			"version": "0.2.2",
			"license": "MIT",
			"dependencies": {
				"@tsuuanmi/pi-agent": "^0.2.2",
				"@tsuuanmi/pi-ai": "^0.2.2",
				"@tsuuanmi/pi-tui": "^0.2.2",
				"@tsuuanmi/pi-workflows": "^0.2.2",
				"chalk": "5.6.2",
				"diff": "8.0.4",
				"glob": "13.0.6",
				"hosted-git-info": "9.0.3",
				"ignore": "7.0.5",
				"jiti": "2.7.0",
				"minimatch": "10.2.5",
				"proper-lockfile": "4.1.2",
				"pyright": "1.1.410",
				"semver": "7.8.0",
				"typescript": "5.9.3",
				"typescript-language-server": "5.3.0",
				"typebox": "1.1.38",
				"undici": "8.5.0",
				"yaml": "2.9.0"
			},
			"bin": {
				"pi": "dist/cli.js"
			},
			"engines": {
				"node": ">=22.19.0"
			},
			"os": [
				"darwin",
				"linux"
			]
		},
		"node_modules/@anthropic-ai/sdk": {
			"version": "0.91.1",
			"resolved": "https://registry.npmjs.org/@anthropic-ai/sdk/-/sdk-0.91.1.tgz",
			"integrity": "sha512-LAmu761tSN9r66ixvmciswUj/ZC+1Q4iAfpedTfSVLeswRwnY3n2Nb6Tsk+cLPP28aLOPWeMgIuTuCcMC6W/iw==",
			"license": "MIT",
			"dependencies": {
				"json-schema-to-ts": "^3.1.1"
			},
			"peerDependencies": {
				"zod": "^3.25.0 || ^4.0.0"
			},
			"peerDependenciesMeta": {
				"zod": {
					"optional": true
				}
			},
			"bin": {
				"anthropic-ai-sdk": "bin/cli"
			}
		},
		"node_modules/@babel/runtime": {
			"version": "7.29.2",
			"resolved": "https://registry.npmjs.org/@babel/runtime/-/runtime-7.29.2.tgz",
			"integrity": "sha512-JiDShH45zKHWyGe4ZNVRrCjBz8Nh9TMmZG1kh4QTK8hCBTWBi8Da+i7s1fJw7/lYpM4ccepSNfqzZ/QvABBi5g==",
			"license": "MIT",
			"engines": {
				"node": ">=6.9.0"
			}
		},
		"node_modules/@tsuuanmi/pi-agent": {
			"version": "0.2.2",
			"resolved": "https://registry.npmjs.org/@tsuuanmi/pi-agent/-/pi-agent-0.2.2.tgz",
			"license": "MIT",
			"dependencies": {
				"@tsuuanmi/pi-ai": "^0.2.2",
				"ignore": "7.0.5",
				"typebox": "1.1.38",
				"yaml": "2.9.0"
			},
			"engines": {
				"node": ">=22.19.0"
			}
		},
		"node_modules/@tsuuanmi/pi-ai": {
			"version": "0.2.2",
			"resolved": "https://registry.npmjs.org/@tsuuanmi/pi-ai/-/pi-ai-0.2.2.tgz",
			"license": "MIT",
			"dependencies": {
				"@anthropic-ai/sdk": "0.91.1",
				"openai": "6.26.0",
				"partial-json": "0.1.7",
				"typebox": "1.1.38"
			},
			"engines": {
				"node": ">=22.19.0"
			}
		},
		"node_modules/@tsuuanmi/pi-tui": {
			"version": "0.2.2",
			"resolved": "https://registry.npmjs.org/@tsuuanmi/pi-tui/-/pi-tui-0.2.2.tgz",
			"license": "MIT",
			"dependencies": {
				"chalk": "5.6.2",
				"diff": "8.0.4",
				"get-east-asian-width": "1.6.0",
				"marked": "18.0.5",
				"typebox": "1.1.38",
				"highlight.js": "10.7.3"
			},
			"engines": {
				"node": ">=22.19.0"
			},
			"os": [
				"darwin",
				"linux"
			]
		},
		"node_modules/@tsuuanmi/pi-workflows": {
			"version": "0.2.2",
			"resolved": "https://registry.npmjs.org/@tsuuanmi/pi-workflows/-/pi-workflows-0.2.2.tgz",
			"license": "MIT",
			"dependencies": {
				"@tsuuanmi/pi-agent": "^0.2.2",
				"@tsuuanmi/pi-ai": "^0.2.2",
				"@tsuuanmi/pi-tui": "^0.2.2",
				"typebox": "1.1.38"
			},
			"engines": {
				"node": ">=22.19.0"
			}
		},
		"node_modules/balanced-match": {
			"version": "4.0.4",
			"resolved": "https://registry.npmjs.org/balanced-match/-/balanced-match-4.0.4.tgz",
			"integrity": "sha512-BLrgEcRTwX2o6gGxGOCNyMvGSp35YofuYzw9h1IMTRmKqttAZZVU67bdb9Pr2vUHA8+j3i2tJfjO6C6+4myGTA==",
			"license": "MIT",
			"engines": {
				"node": "18 || 20 || >=22"
			}
		},
		"node_modules/brace-expansion": {
			"version": "5.0.6",
			"resolved": "https://registry.npmjs.org/brace-expansion/-/brace-expansion-5.0.6.tgz",
			"integrity": "sha512-kLpxurY4Z4r9sgMsyG0Z9uzsBlgiU/EFKhj/h91/8yHu0edo7XuixOIH3VcJ8kkxs6/jPzoI6U9Vj3WqbMQ94g==",
			"license": "MIT",
			"dependencies": {
				"balanced-match": "^4.0.2"
			},
			"engines": {
				"node": "18 || 20 || >=22"
			}
		},
		"node_modules/chalk": {
			"version": "5.6.2",
			"resolved": "https://registry.npmjs.org/chalk/-/chalk-5.6.2.tgz",
			"integrity": "sha512-7NzBL0rN6fMUW+f7A6Io4h40qQlG+xGmtMxfbnH/K7TAtt8JQWVQK+6g0UXKMeVJoyV5EkkNsErQ8pVD3bLHbA==",
			"license": "MIT",
			"engines": {
				"node": "^12.17.0 || ^14.13 || >=16.0.0"
			},
			"funding": {
				"url": "https://github.com/chalk/chalk?sponsor=1"
			}
		},
		"node_modules/diff": {
			"version": "8.0.4",
			"resolved": "https://registry.npmjs.org/diff/-/diff-8.0.4.tgz",
			"integrity": "sha512-DPi0FmjiSU5EvQV0++GFDOJ9ASQUVFh5kD+OzOnYdi7n3Wpm9hWWGfB/O2blfHcMVTL5WkQXSnRiK9makhrcnw==",
			"license": "BSD-3-Clause",
			"engines": {
				"node": ">=0.3.1"
			}
		},
		"node_modules/fsevents": {
			"version": "2.3.3",
			"resolved": "https://registry.npmjs.org/fsevents/-/fsevents-2.3.3.tgz",
			"integrity": "sha512-5xoDfX+fL7faATnagmWPpbFtwh/R77WmMMqqHGS65C3vvB0YHrgF+B1YmZ3441tMj5n63k0212XNoJwzlhffQw==",
			"license": "MIT",
			"engines": {
				"node": "^8.16.0 || ^10.6.0 || >=11.0.0"
			},
			"os": [
				"darwin"
			],
			"optional": true,
			"hasInstallScript": true
		},
		"node_modules/get-east-asian-width": {
			"version": "1.6.0",
			"resolved": "https://registry.npmjs.org/get-east-asian-width/-/get-east-asian-width-1.6.0.tgz",
			"integrity": "sha512-QRbvDIbx6YklUe6RxeTeleMR0yv3cYH6PsPZHcnVn7xv7zO1BHN8r0XETu8n6Ye3Q+ahtSarc3WgtNWmehIBfA==",
			"license": "MIT",
			"engines": {
				"node": ">=18"
			},
			"funding": {
				"url": "https://github.com/sponsors/sindresorhus"
			}
		},
		"node_modules/glob": {
			"version": "13.0.6",
			"resolved": "https://registry.npmjs.org/glob/-/glob-13.0.6.tgz",
			"integrity": "sha512-Wjlyrolmm8uDpm/ogGyXZXb1Z+Ca2B8NbJwqBVg0axK9GbBeoS7yGV6vjXnYdGm6X53iehEuxxbyiKp8QmN4Vw==",
			"license": "BlueOak-1.0.0",
			"dependencies": {
				"minimatch": "^10.2.2",
				"minipass": "^7.1.3",
				"path-scurry": "^2.0.2"
			},
			"engines": {
				"node": "18 || 20 || >=22"
			},
			"funding": {
				"url": "https://github.com/sponsors/isaacs"
			}
		},
		"node_modules/graceful-fs": {
			"version": "4.2.11",
			"resolved": "https://registry.npmjs.org/graceful-fs/-/graceful-fs-4.2.11.tgz",
			"integrity": "sha512-RbJ5/jmFcNNCcDV5o9eTnBLJ/HszWV0P73bc+Ff4nS/rJj+YaS6IGyiOL0VoBYX+l1Wrl3k63h/KrH+nhJ0XvQ==",
			"license": "ISC"
		},
		"node_modules/highlight.js": {
			"version": "10.7.3",
			"resolved": "https://registry.npmjs.org/highlight.js/-/highlight.js-10.7.3.tgz",
			"integrity": "sha512-tzcUFauisWKNHaRkN4Wjl/ZA07gENAjFl3J/c480dprkGTg5EQstgaNFqBfUqCq54kZRIEcreTsAgF/m2quD7A==",
			"license": "BSD-3-Clause",
			"engines": {
				"node": "*"
			}
		},
		"node_modules/hosted-git-info": {
			"version": "9.0.3",
			"resolved": "https://registry.npmjs.org/hosted-git-info/-/hosted-git-info-9.0.3.tgz",
			"integrity": "sha512-Hc+ghLoSt6QaYZUv0WBiIvmMDZuZZ7oaDvdH8MbfOO4lOsxdXLEvuC6ePoGs9H1X9oCLyq6+NVN0MKqD+ydxyg==",
			"license": "ISC",
			"dependencies": {
				"lru-cache": "^11.1.0"
			},
			"engines": {
				"node": "^20.17.0 || >=22.9.0"
			}
		},
		"node_modules/ignore": {
			"version": "7.0.5",
			"resolved": "https://registry.npmjs.org/ignore/-/ignore-7.0.5.tgz",
			"integrity": "sha512-Hs59xBNfUIunMFgWAbGX5cq6893IbWg4KnrjbYwX3tx0ztorVgTDA6B2sxf8ejHJ4wz8BqGUMYlnzNBer5NvGg==",
			"license": "MIT",
			"engines": {
				"node": ">= 4"
			}
		},
		"node_modules/jiti": {
			"version": "2.7.0",
			"resolved": "https://registry.npmjs.org/jiti/-/jiti-2.7.0.tgz",
			"integrity": "sha512-AC/7JofJvZGrrneWNaEnJeOLUx+JlGt7tNa0wZiRPT4MY1wmfKjt2+6O2p2uz2+skll8OZZmJMNqeke7kKbNgQ==",
			"license": "MIT",
			"bin": {
				"jiti": "lib/jiti-cli.mjs"
			}
		},
		"node_modules/json-schema-to-ts": {
			"version": "3.1.1",
			"resolved": "https://registry.npmjs.org/json-schema-to-ts/-/json-schema-to-ts-3.1.1.tgz",
			"integrity": "sha512-+DWg8jCJG2TEnpy7kOm/7/AxaYoaRbjVB4LFZLySZlWn8exGs3A4OLJR966cVvU26N7X9TWxl+Jsw7dzAqKT6g==",
			"license": "MIT",
			"dependencies": {
				"@babel/runtime": "^7.18.3",
				"ts-algebra": "^2.0.0"
			},
			"engines": {
				"node": ">=16"
			}
		},
		"node_modules/lru-cache": {
			"version": "11.4.0",
			"resolved": "https://registry.npmjs.org/lru-cache/-/lru-cache-11.4.0.tgz",
			"integrity": "sha512-W+R+kFL4HgVxONq2bhXPi3bGpzGe/yEhVOp233qw9wCRtgncJ15P3bC+e4zZMu4Cq7d+WAJjXGW0uUkifhcatA==",
			"license": "BlueOak-1.0.0",
			"engines": {
				"node": "20 || >=22"
			}
		},
		"node_modules/marked": {
			"version": "18.0.5",
			"resolved": "https://registry.npmjs.org/marked/-/marked-18.0.5.tgz",
			"integrity": "sha512-S6GcvALHg6K4ohtu4E7x0a1AqhAjp6cV8KhLSyN9qVapnzJkusVBxZRcIU9AeYsbe6P1hKDusSbEOzGyyuce6w==",
			"license": "MIT",
			"bin": {
				"marked": "bin/marked.js"
			},
			"engines": {
				"node": ">= 20"
			}
		},
		"node_modules/minimatch": {
			"version": "10.2.5",
			"resolved": "https://registry.npmjs.org/minimatch/-/minimatch-10.2.5.tgz",
			"integrity": "sha512-MULkVLfKGYDFYejP07QOurDLLQpcjk7Fw+7jXS2R2czRQzR56yHRveU5NDJEOviH+hETZKSkIk5c+T23GjFUMg==",
			"license": "BlueOak-1.0.0",
			"dependencies": {
				"brace-expansion": "^5.0.5"
			},
			"engines": {
				"node": "18 || 20 || >=22"
			},
			"funding": {
				"url": "https://github.com/sponsors/isaacs"
			}
		},
		"node_modules/minipass": {
			"version": "7.1.3",
			"resolved": "https://registry.npmjs.org/minipass/-/minipass-7.1.3.tgz",
			"integrity": "sha512-tEBHqDnIoM/1rXME1zgka9g6Q2lcoCkxHLuc7ODJ5BxbP5d4c2Z5cGgtXAku59200Cx7diuHTOYfSBD8n6mm8A==",
			"license": "BlueOak-1.0.0",
			"engines": {
				"node": ">=16 || 14 >=14.17"
			}
		},
		"node_modules/openai": {
			"version": "6.26.0",
			"resolved": "https://registry.npmjs.org/openai/-/openai-6.26.0.tgz",
			"integrity": "sha512-zd23dbWTjiJ6sSAX6s0HrCZi41JwTA1bQVs0wLQPZ2/5o2gxOJA5wh7yOAUgwYybfhDXyhwlpeQf7Mlgx8EOCA==",
			"license": "Apache-2.0",
			"peerDependencies": {
				"ws": "^8.18.0",
				"zod": "^3.25 || ^4.0"
			},
			"peerDependenciesMeta": {
				"ws": {
					"optional": true
				},
				"zod": {
					"optional": true
				}
			},
			"bin": {
				"openai": "bin/cli"
			}
		},
		"node_modules/partial-json": {
			"version": "0.1.7",
			"resolved": "https://registry.npmjs.org/partial-json/-/partial-json-0.1.7.tgz",
			"integrity": "sha512-Njv/59hHaokb/hRUjce3Hdv12wd60MtM9Z5Olmn+nehe0QDAsRtRbJPvJ0Z91TusF0SuZRIvnM+S4l6EIP8leA==",
			"license": "MIT"
		},
		"node_modules/path-scurry": {
			"version": "2.0.2",
			"resolved": "https://registry.npmjs.org/path-scurry/-/path-scurry-2.0.2.tgz",
			"integrity": "sha512-3O/iVVsJAPsOnpwWIeD+d6z/7PmqApyQePUtCndjatj/9I5LylHvt5qluFaBT3I5h3r1ejfR056c+FCv+NnNXg==",
			"license": "BlueOak-1.0.0",
			"dependencies": {
				"lru-cache": "^11.0.0",
				"minipass": "^7.1.2"
			},
			"engines": {
				"node": "18 || 20 || >=22"
			},
			"funding": {
				"url": "https://github.com/sponsors/isaacs"
			}
		},
		"node_modules/proper-lockfile": {
			"version": "4.1.2",
			"resolved": "https://registry.npmjs.org/proper-lockfile/-/proper-lockfile-4.1.2.tgz",
			"integrity": "sha512-TjNPblN4BwAWMXU8s9AEz4JmQxnD1NNL7bNOY/AKUzyamc379FWASUhc/K1pL2noVb+XmZKLL68cjzLsiOAMaA==",
			"license": "MIT",
			"dependencies": {
				"graceful-fs": "^4.2.4",
				"retry": "^0.12.0",
				"signal-exit": "^3.0.2"
			}
		},
		"node_modules/proper-lockfile/node_modules/retry": {
			"version": "0.12.0",
			"resolved": "https://registry.npmjs.org/retry/-/retry-0.12.0.tgz",
			"integrity": "sha512-9LkiTwjUh6rT555DtE9rTX+BKByPfrMzEAtnlEtdEwr3Nkffwiihqe2bWADg+OQRjt9gl6ICdmB/ZFDCGAtSow==",
			"license": "MIT",
			"engines": {
				"node": ">= 4"
			}
		},
		"node_modules/pyright": {
			"version": "1.1.410",
			"resolved": "https://registry.npmjs.org/pyright/-/pyright-1.1.410.tgz",
			"integrity": "sha512-3ImEV3F3YPMJZDwmouvKj3Ytxkw/adZFGlsOsNKiS+B97Th4h7TFElFKpBG/j1nqx6kXFPQjnzOU+zTBOkki2g==",
			"license": "MIT",
			"optionalDependencies": {
				"fsevents": "~2.3.3"
			},
			"bin": {
				"pyright": "index.js",
				"pyright-langserver": "langserver.index.js"
			},
			"engines": {
				"node": ">=14.0.0"
			}
		},
		"node_modules/semver": {
			"version": "7.8.0",
			"resolved": "https://registry.npmjs.org/semver/-/semver-7.8.0.tgz",
			"integrity": "sha512-AcM7dV/5ul4EekoQ29Agm5vri8JNqRyj39o0qpX6vDF2GZrtutZl5RwgD1XnZjiTAfncsJhMI48QQH3sN87YNA==",
			"license": "ISC",
			"bin": {
				"semver": "bin/semver.js"
			},
			"engines": {
				"node": ">=10"
			}
		},
		"node_modules/signal-exit": {
			"version": "3.0.7",
			"resolved": "https://registry.npmjs.org/signal-exit/-/signal-exit-3.0.7.tgz",
			"integrity": "sha512-wnD2ZE+l+SPC/uoS0vXeE9L1+0wuaMqKlfz9AMUo38JsyLSBWSFcHR1Rri62LZc12vLr1gb3jl7iwQhgwpAbGQ==",
			"license": "ISC"
		},
		"node_modules/ts-algebra": {
			"version": "2.0.0",
			"resolved": "https://registry.npmjs.org/ts-algebra/-/ts-algebra-2.0.0.tgz",
			"integrity": "sha512-FPAhNPFMrkwz76P7cdjdmiShwMynZYN6SgOujD1urY4oNm80Ou9oMdmbR45LotcKOXoy7wSmHkRFE6Mxbrhefw==",
			"license": "MIT"
		},
		"node_modules/typebox": {
			"version": "1.1.38",
			"resolved": "https://registry.npmjs.org/typebox/-/typebox-1.1.38.tgz",
			"integrity": "sha512-pZ0aQPmMmXoUvSbeuWf/Hzsc+avNw/Zd6VeE8CFgkVGWyuHPJvqeJJDeJqLve+K70LvjYIoleGcoJHPT17cWoA==",
			"license": "MIT"
		},
		"node_modules/typescript": {
			"version": "5.9.3",
			"resolved": "https://registry.npmjs.org/typescript/-/typescript-5.9.3.tgz",
			"integrity": "sha512-jl1vZzPDinLr9eUt3J/t7V6FgNEw9QjvBPdysz9KfQDD41fQrC2Y4vKQdiaUpFT4bXlb1RHhLpp8wtm6M5TgSw==",
			"license": "Apache-2.0",
			"bin": {
				"tsc": "bin/tsc",
				"tsserver": "bin/tsserver"
			},
			"engines": {
				"node": ">=14.17"
			}
		},
		"node_modules/typescript-language-server": {
			"version": "5.3.0",
			"resolved": "https://registry.npmjs.org/typescript-language-server/-/typescript-language-server-5.3.0.tgz",
			"integrity": "sha512-5puofxZHgFdAYtfNpmwCAvgtaYgg8wrUnH30m7Ze3QuguId5RNRadKASpOpyDxTyUdAF51FjhTdjntLw/EuWcQ==",
			"license": "Apache-2.0",
			"bin": {
				"typescript-language-server": "lib/cli.mjs"
			},
			"engines": {
				"node": ">=20"
			}
		},
		"node_modules/undici": {
			"version": "8.5.0",
			"resolved": "https://registry.npmjs.org/undici/-/undici-8.5.0.tgz",
			"integrity": "sha512-xamtWoB1EshgjpmlXd7GGm2VfdDtw1+rD8uhry8pSNW3If6S8E0m2T2+orSKeZXEn/aPJMviCpDBA65WJt8zhg==",
			"license": "MIT",
			"engines": {
				"node": ">=22.19.0"
			}
		},
		"node_modules/yaml": {
			"version": "2.9.0",
			"resolved": "https://registry.npmjs.org/yaml/-/yaml-2.9.0.tgz",
			"integrity": "sha512-2AvhNX3mb8zd6Zy7INTtSpl1F15HW6Wnqj0srWlkKLcpYl/gMIMJiyuGq2KeI2YFxUPjdlB+3Lc10seMLtL4cA==",
			"license": "ISC",
			"bin": {
				"yaml": "bin.mjs"
			},
			"engines": {
				"node": ">= 14.6"
			},
			"funding": {
				"url": "https://github.com/sponsors/eemeli"
			}
		}
	}
}
